
Microsoft Visual Studio Solution File, Format Version 12.00
# Visual Studio 15
Project("{FAE04EC0-301F-11D3-BF4B-00C04F79EFBC}") = "CsharpCL", "CsharpCL\CsharpCL.csproj", "{DDDCE2F7-AB0F-4371-8B3E-DF7F995BDD2A}"
EndProject
Project("{FAE04EC0-301F-11D3-BF4B-00C04F79EFBC}") = "Basics", "Basics_new\Basics.csproj", "{1C6E91A3-34D4-48AB-8B6B-F09DD44EBA92}"
EndProject
Project("{FAE04EC0-301F-11D3-BF4B-00C04F79EFBC}") = "ObjectOriented", "ObjectOriented_new\ObjectOriented.csproj", "{A5249093-B830-4DBE-B24A-AA48E61F1417}"
EndProject
Global
	GlobalSection(SolutionConfigurationPlatforms) = preSolution
		Debug|Any CPU = Debug|Any CPU
		Release|Any CPU = Release|Any CPU
	EndGlobalSection
	GlobalSection(ProjectConfigurationPlatforms) = postSolution
		{DDDCE2F7-AB0F-4371-8B3E-DF7F995BDD2A}.Debug|Any CPU.ActiveCfg = Debug|Any CPU
		{DDDCE2F7-AB0F-4371-8B3E-DF7F995BDD2A}.Debug|Any CPU.Build.0 = Debug|Any CPU
		{DDDCE2F7-AB0F-4371-8B3E-DF7F995BDD2A}.Release|Any CPU.ActiveCfg = Release|Any CPU
		{DDDCE2F7-AB0F-4371-8B3E-DF7F995BDD2A}.Release|Any CPU.Build.0 = Release|Any CPU
		{1C6E91A3-34D4-48AB-8B6B-F09DD44EBA92}.Debug|Any CPU.ActiveCfg = Debug|Any CPU
		{1C6E91A3-34D4-48AB-8B6B-F09DD44EBA92}.Debug|Any CPU.Build.0 = Debug|Any CPU
		{1C6E91A3-34D4-48AB-8B6B-F09DD44EBA92}.Release|Any CPU.ActiveCfg = Release|Any CPU
		{1C6E91A3-34D4-48AB-8B6B-F09DD44EBA92}.Release|Any CPU.Build.0 = Release|Any CPU
		{A5249093-B830-4DBE-B24A-AA48E61F1417}.Debug|Any CPU.ActiveCfg = Debug|Any CPU
		{A5249093-B830-4DBE-B24A-AA48E61F1417}.Debug|Any CPU.Build.0 = Debug|Any CPU
		{A5249093-B830-4DBE-B24A-AA48E61F1417}.Release|Any CPU.ActiveCfg = Release|Any CPU
		{A5249093-B830-4DBE-B24A-AA48E61F1417}.Release|Any CPU.Build.0 = Release|Any CPU
	EndGlobalSection
EndGlobal
